
Microsoft Visual Studio Solution File, Format Version 12.00
# Visual Studio Version 17
VisualStudioVersion = 17.7.34009.444
MinimumVisualStudioVersion = 10.0.40219.1
Project("{888888A0-9F3D-457C-B088-3A5042F75D52}") = "DASH-PYTHON", "DASH-PYTHON\DASH-PYTHON.pyproj", "{7EC862E1-83DB-4CA9-9A98-BC729A7F0699}"
EndProject
Global
	GlobalSection(SolutionConfigurationPlatforms) = preSolution
		Debug|Any CPU = Debug|Any CPU
		Release|Any CPU = Release|Any CPU
	EndGlobalSection
	GlobalSection(ProjectConfigurationPlatforms) = postSolution
		{7EC862E1-83DB-4CA9-9A98-BC729A7F0699}.Debug|Any CPU.ActiveCfg = Debug|Any CPU
		{7EC862E1-83DB-4CA9-9A98-BC729A7F0699}.Release|Any CPU.ActiveCfg = Release|Any CPU
	EndGlobalSection
	GlobalSection(SolutionProperties) = preSolution
		HideSolutionNode = FALSE
	EndGlobalSection
	GlobalSection(ExtensibilityGlobals) = postSolution
		SolutionGuid = {739B3DC9-D5C3-493B-980C-DCBA6AB3637E}
	EndGlobalSection
EndGlobal
